
Microsoft Visual Studio Solution File, Format Version 12.00
# Visual Studio Version 16
VisualStudioVersion = 16.0.32228.343
MinimumVisualStudioVersion = 10.0.40219.1
Project("{9A19103F-16F7-4668-BE54-9A1E7A4F7556}") = "UnitDemo", "UnitDemo\UnitDemo.csproj", "{7AA24263-0C17-44F1-A019-E41D6BD866E4}"
EndProject
Project("{FAE04EC0-301F-11D3-BF4B-00C04F79EFBC}") = "UnitDemo.Tests", "UnitDemo.Tests\UnitDemo.Tests.csproj", "{052682A3-C911-41DB-94A2-A8D017A07A83}"
EndProject
Global
	GlobalSection(SolutionConfigurationPlatforms) = preSolution
		Debug|Any CPU = Debug|Any CPU
		Release|Any CPU = Release|Any CPU
	EndGlobalSection
	GlobalSection(ProjectConfigurationPlatforms) = postSolution
		{7AA24263-0C17-44F1-A019-E41D6BD866E4}.Debug|Any CPU.ActiveCfg = Debug|Any CPU
		{7AA24263-0C17-44F1-A019-E41D6BD866E4}.Debug|Any CPU.Build.0 = Debug|Any CPU
		{7AA24263-0C17-44F1-A019-E41D6BD866E4}.Release|Any CPU.ActiveCfg = Release|Any CPU
		{7AA24263-0C17-44F1-A019-E41D6BD866E4}.Release|Any CPU.Build.0 = Release|Any CPU
		{052682A3-C911-41DB-94A2-A8D017A07A83}.Debug|Any CPU.ActiveCfg = Debug|Any CPU
		{052682A3-C911-41DB-94A2-A8D017A07A83}.Debug|Any CPU.Build.0 = Debug|Any CPU
		{052682A3-C911-41DB-94A2-A8D017A07A83}.Release|Any CPU.ActiveCfg = Release|Any CPU
		{052682A3-C911-41DB-94A2-A8D017A07A83}.Release|Any CPU.Build.0 = Release|Any CPU
	EndGlobalSection
	GlobalSection(SolutionProperties) = preSolution
		HideSolutionNode = FALSE
	EndGlobalSection
	GlobalSection(ExtensibilityGlobals) = postSolution
		SolutionGuid = {74F0919E-F16A-4211-A1B5-5B0715EE99CF}
	EndGlobalSection
EndGlobal
